
Microsoft Visual Studio Solution File, Format Version 12.00
# Visual Studio Version 16
VisualStudioVersion = 16.0.31205.134
MinimumVisualStudioVersion = 10.0.40219.1
Project("{FAE04EC0-301F-11D3-BF4B-00C04F79EFBC}") = "BMI_calculator.Android", "BMI_calculator.Android\BMI_calculator.Android.csproj", "{73C1F55F-0DCF-4836-802B-48E72118E551}"
EndProject
Project("{FAE04EC0-301F-11D3-BF4B-00C04F79EFBC}") = "BMI_calculator.iOS", "BMI_calculator.iOS\BMI_calculator.iOS.csproj", "{6F306E26-514C-45C8-B211-719354F4BFE5}"
EndProject
Project("{FAE04EC0-301F-11D3-BF4B-00C04F79EFBC}") = "BMI_calculator", "BMI_calculator\BMI_calculator.csproj", "{3B6EF8D1-E795-4D3E-B25A-DBF5E4BC9039}"
EndProject
Global
	GlobalSection(SolutionConfigurationPlatforms) = preSolution
		Debug|Any CPU = Debug|Any CPU
		Debug|iPhone = Debug|iPhone
		Debug|iPhoneSimulator = Debug|iPhoneSimulator
		Release|Any CPU = Release|Any CPU
		Release|iPhone = Release|iPhone
		Release|iPhoneSimulator = Release|iPhoneSimulator
	EndGlobalSection
	GlobalSection(ProjectConfigurationPlatforms) = postSolution
		{73C1F55F-0DCF-4836-802B-48E72118E551}.Debug|Any CPU.ActiveCfg = Debug|Any CPU
		{73C1F55F-0DCF-4836-802B-48E72118E551}.Debug|Any CPU.Build.0 = Debug|Any CPU
		{73C1F55F-0DCF-4836-802B-48E72118E551}.Debug|Any CPU.Deploy.0 = Debug|Any CPU
		{73C1F55F-0DCF-4836-802B-48E72118E551}.Debug|iPhone.ActiveCfg = Debug|Any CPU
		{73C1F55F-0DCF-4836-802B-48E72118E551}.Debug|iPhone.Build.0 = Debug|Any CPU
		{73C1F55F-0DCF-4836-802B-48E72118E551}.Debug|iPhone.Deploy.0 = Debug|Any CPU
		{73C1F55F-0DCF-4836-802B-48E72118E551}.Debug|iPhoneSimulator.ActiveCfg = Debug|Any CPU
		{73C1F55F-0DCF-4836-802B-48E72118E551}.Debug|iPhoneSimulator.Build.0 = Debug|Any CPU
		{73C1F55F-0DCF-4836-802B-48E72118E551}.Debug|iPhoneSimulator.Deploy.0 = Debug|Any CPU
		{73C1F55F-0DCF-4836-802B-48E72118E551}.Release|Any CPU.ActiveCfg = Release|Any CPU
		{73C1F55F-0DCF-4836-802B-48E72118E551}.Release|Any CPU.Build.0 = Release|Any CPU
		{73C1F55F-0DCF-4836-802B-48E72118E551}.Release|Any CPU.Deploy.0 = Release|Any CPU
		{73C1F55F-0DCF-4836-802B-48E72118E551}.Release|iPhone.ActiveCfg = Release|Any CPU
		{73C1F55F-0DCF-4836-802B-48E72118E551}.Release|iPhone.Build.0 = Release|Any CPU
		{73C1F55F-0DCF-4836-802B-48E72118E551}.Release|iPhone.Deploy.0 = Release|Any CPU
		{73C1F55F-0DCF-4836-802B-48E72118E551}.Release|iPhoneSimulator.ActiveCfg = Release|Any CPU
		{73C1F55F-0DCF-4836-802B-48E72118E551}.Release|iPhoneSimulator.Build.0 = Release|Any CPU
		{73C1F55F-0DCF-4836-802B-48E72118E551}.Release|iPhoneSimulator.Deploy.0 = Release|Any CPU
		{6F306E26-514C-45C8-B211-719354F4BFE5}.Debug|Any CPU.ActiveCfg = Debug|iPhone
		{6F306E26-514C-45C8-B211-719354F4BFE5}.Debug|Any CPU.Build.0 = Debug|iPhone
		{6F306E26-514C-45C8-B211-719354F4BFE5}.Debug|Any CPU.Deploy.0 = Debug|iPhone
		{6F306E26-514C-45C8-B211-719354F4BFE5}.Debug|iPhone.ActiveCfg = Debug|iPhone
		{6F306E26-514C-45C8-B211-719354F4BFE5}.Debug|iPhone.Build.0 = Debug|iPhone
		{6F306E26-514C-45C8-B211-719354F4BFE5}.Debug|iPhone.Deploy.0 = Debug|iPhone
		{6F306E26-514C-45C8-B211-719354F4BFE5}.Debug|iPhoneSimulator.ActiveCfg = Debug|iPhoneSimulator
		{6F306E26-514C-45C8-B211-719354F4BFE5}.Debug|iPhoneSimulator.Build.0 = Debug|iPhoneSimulator
		{6F306E26-514C-45C8-B211-719354F4BFE5}.Debug|iPhoneSimulator.Deploy.0 = Debug|iPhoneSimulator
		{6F306E26-514C-45C8-B211-719354F4BFE5}.Release|Any CPU.ActiveCfg = Release|iPhoneSimulator
		{6F306E26-514C-45C8-B211-719354F4BFE5}.Release|Any CPU.Build.0 = Release|iPhoneSimulator
		{6F306E26-514C-45C8-B211-719354F4BFE5}.Release|Any CPU.Deploy.0 = Release|iPhoneSimulator
		{6F306E26-514C-45C8-B211-719354F4BFE5}.Release|iPhone.ActiveCfg = Release|iPhone
		{6F306E26-514C-45C8-B211-719354F4BFE5}.Release|iPhone.Build.0 = Release|iPhone
		{6F306E26-514C-45C8-B211-719354F4BFE5}.Release|iPhone.Deploy.0 = Release|iPhone
		{6F306E26-514C-45C8-B211-719354F4BFE5}.Release|iPhoneSimulator.ActiveCfg = Release|iPhoneSimulator
		{6F306E26-514C-45C8-B211-719354F4BFE5}.Release|iPhoneSimulator.Build.0 = Release|iPhoneSimulator
		{6F306E26-514C-45C8-B211-719354F4BFE5}.Release|iPhoneSimulator.Deploy.0 = Release|iPhoneSimulator
		{3B6EF8D1-E795-4D3E-B25A-DBF5E4BC9039}.Debug|Any CPU.ActiveCfg = Debug|Any CPU
		{3B6EF8D1-E795-4D3E-B25A-DBF5E4BC9039}.Debug|Any CPU.Build.0 = Debug|Any CPU
		{3B6EF8D1-E795-4D3E-B25A-DBF5E4BC9039}.Debug|Any CPU.Deploy.0 = Debug|Any CPU
		{3B6EF8D1-E795-4D3E-B25A-DBF5E4BC9039}.Debug|iPhone.ActiveCfg = Debug|Any CPU
		{3B6EF8D1-E795-4D3E-B25A-DBF5E4BC9039}.Debug|iPhone.Build.0 = Debug|Any CPU
		{3B6EF8D1-E795-4D3E-B25A-DBF5E4BC9039}.Debug|iPhone.Deploy.0 = Debug|Any CPU
		{3B6EF8D1-E795-4D3E-B25A-DBF5E4BC9039}.Debug|iPhoneSimulator.ActiveCfg = Debug|Any CPU
		{3B6EF8D1-E795-4D3E-B25A-DBF5E4BC9039}.Debug|iPhoneSimulator.Build.0 = Debug|Any CPU
		{3B6EF8D1-E795-4D3E-B25A-DBF5E4BC9039}.Debug|iPhoneSimulator.Deploy.0 = Debug|Any CPU
		{3B6EF8D1-E795-4D3E-B25A-DBF5E4BC9039}.Release|Any CPU.ActiveCfg = Release|Any CPU
		{3B6EF8D1-E795-4D3E-B25A-DBF5E4BC9039}.Release|Any CPU.Build.0 = Release|Any CPU
		{3B6EF8D1-E795-4D3E-B25A-DBF5E4BC9039}.Release|Any CPU.Deploy.0 = Release|Any CPU
		{3B6EF8D1-E795-4D3E-B25A-DBF5E4BC9039}.Release|iPhone.ActiveCfg = Release|Any CPU
		{3B6EF8D1-E795-4D3E-B25A-DBF5E4BC9039}.Release|iPhone.Build.0 = Release|Any CPU
		{3B6EF8D1-E795-4D3E-B25A-DBF5E4BC9039}.Release|iPhone.Deploy.0 = Release|Any CPU
		{3B6EF8D1-E795-4D3E-B25A-DBF5E4BC9039}.Release|iPhoneSimulator.ActiveCfg = Release|Any CPU
		{3B6EF8D1-E795-4D3E-B25A-DBF5E4BC9039}.Release|iPhoneSimulator.Build.0 = Release|Any CPU
		{3B6EF8D1-E795-4D3E-B25A-DBF5E4BC9039}.Release|iPhoneSimulator.Deploy.0 = Release|Any CPU
	EndGlobalSection
	GlobalSection(SolutionProperties) = preSolution
		HideSolutionNode = FALSE
	EndGlobalSection
	GlobalSection(ExtensibilityGlobals) = postSolution
		SolutionGuid = {EB10D4CF-6AA4-4AA6-AF21-DCFCFED1C0D6}
	EndGlobalSection
EndGlobal
